
Microsoft Visual Studio Solution File, Format Version 12.00
# Visual Studio Version 16
VisualStudioVersion = 16.0.29613.14
MinimumVisualStudioVersion = 10.0.40219.1
Project("{FAE04EC0-301F-11D3-BF4B-00C04F79EFBC}") = "queueing theory", "queueing theory\queueing theory.csproj", "{BBA8E161-E9B8-4ED7-9E0D-72B667AE553A}"
EndProject
Global
	GlobalSection(SolutionConfigurationPlatforms) = preSolution
		Debug|Any CPU = Debug|Any CPU
		Release|Any CPU = Release|Any CPU
	EndGlobalSection
	GlobalSection(ProjectConfigurationPlatforms) = postSolution
		{BBA8E161-E9B8-4ED7-9E0D-72B667AE553A}.Debug|Any CPU.ActiveCfg = Debug|Any CPU
		{BBA8E161-E9B8-4ED7-9E0D-72B667AE553A}.Debug|Any CPU.Build.0 = Debug|Any CPU
		{BBA8E161-E9B8-4ED7-9E0D-72B667AE553A}.Release|Any CPU.ActiveCfg = Release|Any CPU
		{BBA8E161-E9B8-4ED7-9E0D-72B667AE553A}.Release|Any CPU.Build.0 = Release|Any CPU
	EndGlobalSection
	GlobalSection(SolutionProperties) = preSolution
		HideSolutionNode = FALSE
	EndGlobalSection
	GlobalSection(ExtensibilityGlobals) = postSolution
		SolutionGuid = {B9DE2149-14DB-4CAD-BF8F-94BB9C132F50}
	EndGlobalSection
EndGlobal
